
Microsoft Visual Studio Solution File, Format Version 12.00
# Visual Studio Version 16
VisualStudioVersion = 16.0.31129.286
MinimumVisualStudioVersion = 10.0.40219.1
Project("{9A19103F-16F7-4668-BE54-9A1E7A4F7556}") = "Kaizenko.GettingStarted.Tests", "Kaizenko.GettingStarted.Tests\Kaizenko.GettingStarted.Tests.csproj", "{F0A4258D-3FC4-4F16-BDD6-4CBE204D3F6F}"
EndProject
Project("{9A19103F-16F7-4668-BE54-9A1E7A4F7556}") = "Kaizenko.Temperature.Tests", "Kaizenko.Temperature.Tests\Kaizenko.Temperature.Tests.csproj", "{4628A158-CCAF-4C44-ABBB-BD62C9B2E516}"
EndProject
Project("{9A19103F-16F7-4668-BE54-9A1E7A4F7556}") = "Kaizenko.Temperature", "Kaizenko.Temperature\Kaizenko.Temperature.csproj", "{CC6D217E-58EE-4B95-A52A-6FE4FE832F68}"
EndProject
Project("{9A19103F-16F7-4668-BE54-9A1E7A4F7556}") = "Kaizenko.Vending.Tests", "Kaizenko.Vending.Tests\Kaizenko.Vending.Tests.csproj", "{0F5DFD56-033E-42E2-81C7-9FAF279A2E52}"
EndProject
Project("{9A19103F-16F7-4668-BE54-9A1E7A4F7556}") = "Kaizenko.Vending", "Kaizenko.Vending\Kaizenko.Vending.csproj", "{7265E7E6-6988-4F06-A916-3880C4A9468E}"
EndProject
Project("{9A19103F-16F7-4668-BE54-9A1E7A4F7556}") = "Kaizenko.Tennis.Tests", "Kaizenko.Tennis.Tests\Kaizenko.Tennis.Tests.csproj", "{787E195E-F4E4-459F-AAAD-1272AB5893AE}"
EndProject
Project("{9A19103F-16F7-4668-BE54-9A1E7A4F7556}") = "Kaizenko.Tennis", "Kaizenko.Tennis\Kaizenko.Tennis.csproj", "{107324E9-51ED-4450-AC93-BAE8879784E0}"
EndProject
Project("{9A19103F-16F7-4668-BE54-9A1E7A4F7556}") = "Kaizenko.Rover.Tests", "Kaizenko.Rover.Tests\Kaizenko.Rover.Tests.csproj", "{DD88B8DA-696F-41D5-AD2C-A4C20BB7958E}"
EndProject
Project("{9A19103F-16F7-4668-BE54-9A1E7A4F7556}") = "Kaizenko.Rover", "Kaizenko.Rover\Kaizenko.Rover.csproj", "{9D68E60D-CA6E-4652-A920-B3AAEE077961}"
EndProject
Global
	GlobalSection(SolutionConfigurationPlatforms) = preSolution
		Debug|Any CPU = Debug|Any CPU
		Release|Any CPU = Release|Any CPU
	EndGlobalSection
	GlobalSection(ProjectConfigurationPlatforms) = postSolution
		{F0A4258D-3FC4-4F16-BDD6-4CBE204D3F6F}.Debug|Any CPU.ActiveCfg = Debug|Any CPU
		{F0A4258D-3FC4-4F16-BDD6-4CBE204D3F6F}.Debug|Any CPU.Build.0 = Debug|Any CPU
		{F0A4258D-3FC4-4F16-BDD6-4CBE204D3F6F}.Release|Any CPU.ActiveCfg = Release|Any CPU
		{F0A4258D-3FC4-4F16-BDD6-4CBE204D3F6F}.Release|Any CPU.Build.0 = Release|Any CPU
		{4628A158-CCAF-4C44-ABBB-BD62C9B2E516}.Debug|Any CPU.ActiveCfg = Debug|Any CPU
		{4628A158-CCAF-4C44-ABBB-BD62C9B2E516}.Debug|Any CPU.Build.0 = Debug|Any CPU
		{4628A158-CCAF-4C44-ABBB-BD62C9B2E516}.Release|Any CPU.ActiveCfg = Release|Any CPU
		{4628A158-CCAF-4C44-ABBB-BD62C9B2E516}.Release|Any CPU.Build.0 = Release|Any CPU
		{CC6D217E-58EE-4B95-A52A-6FE4FE832F68}.Debug|Any CPU.ActiveCfg = Debug|Any CPU
		{CC6D217E-58EE-4B95-A52A-6FE4FE832F68}.Debug|Any CPU.Build.0 = Debug|Any CPU
		{CC6D217E-58EE-4B95-A52A-6FE4FE832F68}.Release|Any CPU.ActiveCfg = Release|Any CPU
		{CC6D217E-58EE-4B95-A52A-6FE4FE832F68}.Release|Any CPU.Build.0 = Release|Any CPU
		{0F5DFD56-033E-42E2-81C7-9FAF279A2E52}.Debug|Any CPU.ActiveCfg = Debug|Any CPU
		{0F5DFD56-033E-42E2-81C7-9FAF279A2E52}.Debug|Any CPU.Build.0 = Debug|Any CPU
		{0F5DFD56-033E-42E2-81C7-9FAF279A2E52}.Release|Any CPU.ActiveCfg = Release|Any CPU
		{0F5DFD56-033E-42E2-81C7-9FAF279A2E52}.Release|Any CPU.Build.0 = Release|Any CPU
		{7265E7E6-6988-4F06-A916-3880C4A9468E}.Debug|Any CPU.ActiveCfg = Debug|Any CPU
		{7265E7E6-6988-4F06-A916-3880C4A9468E}.Debug|Any CPU.Build.0 = Debug|Any CPU
		{7265E7E6-6988-4F06-A916-3880C4A9468E}.Release|Any CPU.ActiveCfg = Release|Any CPU
		{7265E7E6-6988-4F06-A916-3880C4A9468E}.Release|Any CPU.Build.0 = Release|Any CPU
		{787E195E-F4E4-459F-AAAD-1272AB5893AE}.Debug|Any CPU.ActiveCfg = Debug|Any CPU
		{787E195E-F4E4-459F-AAAD-1272AB5893AE}.Debug|Any CPU.Build.0 = Debug|Any CPU
		{787E195E-F4E4-459F-AAAD-1272AB5893AE}.Release|Any CPU.ActiveCfg = Release|Any CPU
		{787E195E-F4E4-459F-AAAD-1272AB5893AE}.Release|Any CPU.Build.0 = Release|Any CPU
		{107324E9-51ED-4450-AC93-BAE8879784E0}.Debug|Any CPU.ActiveCfg = Debug|Any CPU
		{107324E9-51ED-4450-AC93-BAE8879784E0}.Debug|Any CPU.Build.0 = Debug|Any CPU
		{107324E9-51ED-4450-AC93-BAE8879784E0}.Release|Any CPU.ActiveCfg = Release|Any CPU
		{107324E9-51ED-4450-AC93-BAE8879784E0}.Release|Any CPU.Build.0 = Release|Any CPU
		{DD88B8DA-696F-41D5-AD2C-A4C20BB7958E}.Debug|Any CPU.ActiveCfg = Debug|Any CPU
		{DD88B8DA-696F-41D5-AD2C-A4C20BB7958E}.Debug|Any CPU.Build.0 = Debug|Any CPU
		{DD88B8DA-696F-41D5-AD2C-A4C20BB7958E}.Release|Any CPU.ActiveCfg = Release|Any CPU
		{DD88B8DA-696F-41D5-AD2C-A4C20BB7958E}.Release|Any CPU.Build.0 = Release|Any CPU
		{9D68E60D-CA6E-4652-A920-B3AAEE077961}.Debug|Any CPU.ActiveCfg = Debug|Any CPU
		{9D68E60D-CA6E-4652-A920-B3AAEE077961}.Debug|Any CPU.Build.0 = Debug|Any CPU
		{9D68E60D-CA6E-4652-A920-B3AAEE077961}.Release|Any CPU.ActiveCfg = Release|Any CPU
		{9D68E60D-CA6E-4652-A920-B3AAEE077961}.Release|Any CPU.Build.0 = Release|Any CPU
	EndGlobalSection
	GlobalSection(SolutionProperties) = preSolution
		HideSolutionNode = FALSE
	EndGlobalSection
	GlobalSection(ExtensibilityGlobals) = postSolution
		SolutionGuid = {2B98AF50-E78E-4DFA-B2AC-91C2366247DB}
	EndGlobalSection
EndGlobal
